// !$*UTF8*$!
{
	archiveVersion = 1;
	classes = {
	};
	objectVersion = 55;
	objects = {

/* Begin PBXBuildFile section */
		3D0713E127C4E2E900DADC65 /* SwiftUI_SlotsApp.swift in Sources */ = {isa = PBXBuildFile; fileRef = 3D0713E027C4E2E900DADC65 /* SwiftUI_SlotsApp.swift */; };
		3D0713E327C4E2E900DADC65 /* ContentView.swift in Sources */ = {isa = PBXBuildFile; fileRef = 3D0713E227C4E2E900DADC65 /* ContentView.swift */; };
		3D0713E527C4E2EC00DADC65 /* Assets.xcassets in Resources */ = {isa = PBXBuildFile; fileRef = 3D0713E427C4E2EC00DADC65 /* Assets.xcassets */; };
		3D0713E827C4E2EC00DADC65 /* Preview Assets.xcassets in Resources */ = {isa = PBXBuildFile; fileRef = 3D0713E727C4E2EC00DADC65 /* Preview Assets.xcassets */; };
		3D0713F227C4E2EC00DADC65 /* SwiftUI_SlotsTests.swift in Sources */ = {isa = PBXBuildFile; fileRef = 3D0713F127C4E2EC00DADC65 /* SwiftUI_SlotsTests.swift */; };
		3D0713FC27C4E2EC00DADC65 /* SwiftUI_SlotsUITests.swift in Sources */ = {isa = PBXBuildFile; fileRef = 3D0713FB27C4E2EC00DADC65 /* SwiftUI_SlotsUITests.swift */; };
		3D0713FE27C4E2EC00DADC65 /* SwiftUI_SlotsUITestsLaunchTests.swift in Sources */ = {isa = PBXBuildFile; fileRef = 3D0713FD27C4E2EC00DADC65 /* SwiftUI_SlotsUITestsLaunchTests.swift */; };
/* End PBXBuildFile section */

/* Begin PBXContainerItemProxy section */
		3D0713EE27C4E2EC00DADC65 /* PBXContainerItemProxy */ = {
			isa = PBXContainerItemProxy;
			containerPortal = 3D0713D527C4E2E900DADC65 /* Project object */;
			proxyType = 1;
			remoteGlobalIDString = 3D0713DC27C4E2E900DADC65;
			remoteInfo = "SwiftUI Slots";
		};
		3D0713F827C4E2EC00DADC65 /* PBXContainerItemProxy */ = {
			isa = PBXContainerItemProxy;
			containerPortal = 3D0713D527C4E2E900DADC65 /* Project object */;
			proxyType = 1;
			remoteGlobalIDString = 3D0713DC27C4E2E900DADC65;
			remoteInfo = "SwiftUI Slots";
		};
/* End PBXContainerItemProxy section */

/* Begin PBXFileReference section */
		3D0713DD27C4E2E900DADC65 /* SwiftUI Slots.app */ = {isa = PBXFileReference; explicitFileType = wrapper.application; includeInIndex = 0; path = "SwiftUI Slots.app"; sourceTree = BUILT_PRODUCTS_DIR; };
		3D0713E027C4E2E900DADC65 /* SwiftUI_SlotsApp.swift */ = {isa = PBXFileReference; lastKnownFileType = sourcecode.swift; path = SwiftUI_SlotsApp.swift; sourceTree = "<group>"; };
		3D0713E227C4E2E900DADC65 /* ContentView.swift */ = {isa = PBXFileReference; lastKnownFileType = sourcecode.swift; path = ContentView.swift; sourceTree = "<group>"; };
		3D0713E427C4E2EC00DADC65 /* Assets.xcassets */ = {isa = PBXFileReference; lastKnownFileType = folder.assetcatalog; path = Assets.xcassets; sourceTree = "<group>"; };
		3D0713E727C4E2EC00DADC65 /* Preview Assets.xcassets */ = {isa = PBXFileReference; lastKnownFileType = folder.assetcatalog; path = "Preview Assets.xcassets"; sourceTree = "<group>"; };
		3D0713ED27C4E2EC00DADC65 /* SwiftUI SlotsTests.xctest */ = {isa = PBXFileReference; explicitFileType = wrapper.cfbundle; includeInIndex = 0; path = "SwiftUI SlotsTests.xctest"; sourceTree = BUILT_PRODUCTS_DIR; };
		3D0713F127C4E2EC00DADC65 /* SwiftUI_SlotsTests.swift */ = {isa = PBXFileReference; lastKnownFileType = sourcecode.swift; path = SwiftUI_SlotsTests.swift; sourceTree = "<group>"; };
		3D0713F727C4E2EC00DADC65 /* SwiftUI SlotsUITests.xctest */ = {isa = PBXFileReference; explicitFileType = wrapper.cfbundle; includeInIndex = 0; path = "SwiftUI SlotsUITests.xctest"; sourceTree = BUILT_PRODUCTS_DIR; };
		3D0713FB27C4E2EC00DADC65 /* SwiftUI_SlotsUITests.swift */ = {isa = PBXFileReference; lastKnownFileType = sourcecode.swift; path = SwiftUI_SlotsUITests.swift; sourceTree = "<group>"; };
		3D0713FD27C4E2EC00DADC65 /* SwiftUI_SlotsUITestsLaunchTests.swift */ = {isa = PBXFileReference; lastKnownFileType = sourcecode.swift; path = SwiftUI_SlotsUITestsLaunchTests.swift; sourceTree = "<group>"; };
/* End PBXFileReference section */

/* Begin PBXFrameworksBuildPhase section */
		3D0713DA27C4E2E900DADC65 /* Frameworks */ = {
			isa = PBXFrameworksBuildPhase;
			buildActionMask = 2147483647;
			files = (
			);
			runOnlyForDeploymentPostprocessing = 0;
		};
		3D0713EA27C4E2EC00DADC65 /* Frameworks */ = {
			isa = PBXFrameworksBuildPhase;
			buildActionMask = 2147483647;
			files = (
			);
			runOnlyForDeploymentPostprocessing = 0;
		};
		3D0713F427C4E2EC00DADC65 /* Frameworks */ = {
			isa = PBXFrameworksBuildPhase;
			buildActionMask = 2147483647;
			files = (
			);
			runOnlyForDeploymentPostprocessing = 0;
		};
/* End PBXFrameworksBuildPhase section */

/* Begin PBXGroup section */
		3D0713D427C4E2E900DADC65 = {
			isa = PBXGroup;
			children = (
				3D0713DF27C4E2E900DADC65 /* SwiftUI Slots */,
				3D0713F027C4E2EC00DADC65 /* SwiftUI SlotsTests */,
				3D0713FA27C4E2EC00DADC65 /* SwiftUI SlotsUITests */,
				3D0713DE27C4E2E900DADC65 /* Products */,
			);
			sourceTree = "<group>";
		};
		3D0713DE27C4E2E900DADC65 /* Products */ = {
			isa = PBXGroup;
			children = (
				3D0713DD27C4E2E900DADC65 /* SwiftUI Slots.app */,
				3D0713ED27C4E2EC00DADC65 /* SwiftUI SlotsTests.xctest */,
				3D0713F727C4E2EC00DADC65 /* SwiftUI SlotsUITests.xctest */,
			);
			name = Products;
			sourceTree = "<group>";
		};
		3D0713DF27C4E2E900DADC65 /* SwiftUI Slots */ = {
			isa = PBXGroup;
			children = (
				3D0713E027C4E2E900DADC65 /* SwiftUI_SlotsApp.swift */,
				3D0713E227C4E2E900DADC65 /* ContentView.swift */,
				3D0713E427C4E2EC00DADC65 /* Assets.xcassets */,
				3D0713E627C4E2EC00DADC65 /* Preview Content */,
			);
			path = "SwiftUI Slots";
			sourceTree = "<group>";
		};
		3D0713E627C4E2EC00DADC65 /* Preview Content */ = {
			isa = PBXGroup;
			children = (
				3D0713E727C4E2EC00DADC65 /* Preview Assets.xcassets */,
			);
			path = "Preview Content";
			sourceTree = "<group>";
		};
		3D0713F027C4E2EC00DADC65 /* SwiftUI SlotsTests */ = {
			isa = PBXGroup;
			children = (
				3D0713F127C4E2EC00DADC65 /* SwiftUI_SlotsTests.swift */,
			);
			path = "SwiftUI SlotsTests";
			sourceTree = "<group>";
		};
		3D0713FA27C4E2EC00DADC65 /* SwiftUI SlotsUITests */ = {
			isa = PBXGroup;
			children = (
				3D0713FB27C4E2EC00DADC65 /* SwiftUI_SlotsUITests.swift */,
				3D0713FD27C4E2EC00DADC65 /* SwiftUI_SlotsUITestsLaunchTests.swift */,
			);
			path = "SwiftUI SlotsUITests";
			sourceTree = "<group>";
		};
/* End PBXGroup section */

/* Begin PBXNativeTarget section */
		3D0713DC27C4E2E900DADC65 /* SwiftUI Slots */ = {
			isa = PBXNativeTarget;
			buildConfigurationList = 3D07140127C4E2EC00DADC65 /* Build configuration list for PBXNativeTarget "SwiftUI Slots" */;
			buildPhases = (
				3D0713D927C4E2E900DADC65 /* Sources */,
				3D0713DA27C4E2E900DADC65 /* Frameworks */,
				3D0713DB27C4E2E900DADC65 /* Resources */,
			);
			buildRules = (
			);
			dependencies = (
			);
			name = "SwiftUI Slots";
			productName = "SwiftUI Slots";
			productReference = 3D0713DD27C4E2E900DADC65 /* SwiftUI Slots.app */;
			productType = "com.apple.product-type.application";
		};
		3D0713EC27C4E2EC00DADC65 /* SwiftUI SlotsTests */ = {
			isa = PBXNativeTarget;
			buildConfigurationList = 3D07140427C4E2EC00DADC65 /* Build configuration list for PBXNativeTarget "SwiftUI SlotsTests" */;
			buildPhases = (
				3D0713E927C4E2EC00DADC65 /* Sources */,
				3D0713EA27C4E2EC00DADC65 /* Frameworks */,
				3D0713EB27C4E2EC00DADC65 /* Resources */,
			);
			buildRules = (
			);
			dependencies = (
				3D0713EF27C4E2EC00DADC65 /* PBXTargetDependency */,
			);
			name = "SwiftUI SlotsTests";
			productName = "SwiftUI SlotsTests";
			productReference = 3D0713ED27C4E2EC00DADC65 /* SwiftUI SlotsTests.xctest */;
			productType = "com.apple.product-type.bundle.unit-test";
		};
		3D0713F627C4E2EC00DADC65 /* SwiftUI SlotsUITests */ = {
			isa = PBXNativeTarget;
			buildConfigurationList = 3D07140727C4E2EC00DADC65 /* Build configuration list for PBXNativeTarget "SwiftUI SlotsUITests" */;
			buildPhases = (
				3D0713F327C4E2EC00DADC65 /* Sources */,
				3D0713F427C4E2EC00DADC65 /* Frameworks */,
				3D0713F527C4E2EC00DADC65 /* Resources */,
			);
			buildRules = (
			);
			dependencies = (
				3D0713F927C4E2EC00DADC65 /* PBXTargetDependency */,
			);
			name = "SwiftUI SlotsUITests";
			productName = "SwiftUI SlotsUITests";
			productReference = 3D0713F727C4E2EC00DADC65 /* SwiftUI SlotsUITests.xctest */;
			productType = "com.apple.product-type.bundle.ui-testing";
		};
/* End PBXNativeTarget section */

/* Begin PBXProject section */
		3D0713D527C4E2E900DADC65 /* Project object */ = {
			isa = PBXProject;
			attributes = {
				BuildIndependentTargetsInParallel = 1;
				LastSwiftUpdateCheck = 1320;
				LastUpgradeCheck = 1320;
				TargetAttributes = {
					3D0713DC27C4E2E900DADC65 = {
						CreatedOnToolsVersion = 13.2.1;
					};
					3D0713EC27C4E2EC00DADC65 = {
						CreatedOnToolsVersion = 13.2.1;
						TestTargetID = 3D0713DC27C4E2E900DADC65;
					};
					3D0713F627C4E2EC00DADC65 = {
						CreatedOnToolsVersion = 13.2.1;
						TestTargetID = 3D0713DC27C4E2E900DADC65;
					};
				};
			};
			buildConfigurationList = 3D0713D827C4E2E900DADC65 /* Build configuration list for PBXProject "SwiftUI Slots" */;
			compatibilityVersion = "Xcode 13.0";
			developmentRegion = en;
			hasScannedForEncodings = 0;
			knownRegions = (
				en,
				Base,
			);
			mainGroup = 3D0713D427C4E2E900DADC65;
			productRefGroup = 3D0713DE27C4E2E900DADC65 /* Products */;
			projectDirPath = "";
			projectRoot = "";
			targets = (
				3D0713DC27C4E2E900DADC65 /* SwiftUI Slots */,
				3D0713EC27C4E2EC00DADC65 /* SwiftUI SlotsTests */,
				3D0713F627C4E2EC00DADC65 /* SwiftUI SlotsUITests */,
			);
		};
/* End PBXProject section */

/* Begin PBXResourcesBuildPhase section */
		3D0713DB27C4E2E900DADC65 /* Resources */ = {
			isa = PBXResourcesBuildPhase;
			buildActionMask = 2147483647;
			files = (
				3D0713E827C4E2EC00DADC65 /* Preview Assets.xcassets in Resources */,
				3D0713E527C4E2EC00DADC65 /* Assets.xcassets in Resources */,
			);
			runOnlyForDeploymentPostprocessing = 0;
		};
		3D0713EB27C4E2EC00DADC65 /* Resources */ = {
			isa = PBXResourcesBuildPhase;
			buildActionMask = 2147483647;
			files = (
			);
			runOnlyForDeploymentPostprocessing = 0;
		};
		3D0713F527C4E2EC00DADC65 /* Resources */ = {
			isa = PBXResourcesBuildPhase;
			buildActionMask = 2147483647;
			files = (
			);
			runOnlyForDeploymentPostprocessing = 0;
		};
/* End PBXResourcesBuildPhase section */

/* Begin PBXSourcesBuildPhase section */
		3D0713D927C4E2E900DADC65 /* Sources */ = {
			isa = PBXSourcesBuildPhase;
			buildActionMask = 2147483647;
			files = (
				3D0713E327C4E2E900DADC65 /* ContentView.swift in Sources */,
				3D0713E127C4E2E900DADC65 /* SwiftUI_SlotsApp.swift in Sources */,
			);
			runOnlyForDeploymentPostprocessing = 0;
		};
		3D0713E927C4E2EC00DADC65 /* Sources */ = {
			isa = PBXSourcesBuildPhase;
			buildActionMask = 2147483647;
			files = (
				3D0713F227C4E2EC00DADC65 /* SwiftUI_SlotsTests.swift in Sources */,
			);
			runOnlyForDeploymentPostprocessing = 0;
		};
		3D0713F327C4E2EC00DADC65 /* Sources */ = {
			isa = PBXSourcesBuildPhase;
			buildActionMask = 2147483647;
			files = (
				3D0713FE27C4E2EC00DADC65 /* SwiftUI_SlotsUITestsLaunchTests.swift in Sources */,
				3D0713FC27C4E2EC00DADC65 /* SwiftUI_SlotsUITests.swift in Sources */,
			);
			runOnlyForDeploymentPostprocessing = 0;
		};
/* End PBXSourcesBuildPhase section */

/* Begin PBXTargetDependency section */
		3D0713EF27C4E2EC00DADC65 /* PBXTargetDependency */ = {
			isa = PBXTargetDependency;
			target = 3D0713DC27C4E2E900DADC65 /* SwiftUI Slots */;
			targetProxy = 3D0713EE27C4E2EC00DADC65 /* PBXContainerItemProxy */;
		};
		3D0713F927C4E2EC00DADC65 /* PBXTargetDependency */ = {
			isa = PBXTargetDependency;
			target = 3D0713DC27C4E2E900DADC65 /* SwiftUI Slots */;
			targetProxy = 3D0713F827C4E2EC00DADC65 /* PBXContainerItemProxy */;
		};
/* End PBXTargetDependency section */

/* Begin XCBuildConfiguration section */
		3D0713FF27C4E2EC00DADC65 /* Debug */ = {
			isa = XCBuildConfiguration;
			buildSettings = {
				ALWAYS_SEARCH_USER_PATHS = NO;
				CLANG_ANALYZER_NONNULL = YES;
				CLANG_ANALYZER_NUMBER_OBJECT_CONVERSION = YES_AGGRESSIVE;
				CLANG_CXX_LANGUAGE_STANDARD = "gnu++17";
				CLANG_CXX_LIBRARY = "libc++";
				CLANG_ENABLE_MODULES = YES;
				CLANG_ENABLE_OBJC_ARC = YES;
				CLANG_ENABLE_OBJC_WEAK = YES;
				CLANG_WARN_BLOCK_CAPTURE_AUTORELEASING = YES;
				CLANG_WARN_BOOL_CONVERSION = YES;
				CLANG_WARN_COMMA = YES;
				CLANG_WARN_CONSTANT_CONVERSION = YES;
				CLANG_WARN_DEPRECATED_OBJC_IMPLEMENTATIONS = YES;
				CLANG_WARN_DIRECT_OBJC_ISA_USAGE = YES_ERROR;
				CLANG_WARN_DOCUMENTATION_COMMENTS = YES;
				CLANG_WARN_EMPTY_BODY = YES;
				CLANG_WARN_ENUM_CONVERSION = YES;
				CLANG_WARN_INFINITE_RECURSION = YES;
				CLANG_WARN_INT_CONVERSION = YES;
				CLANG_WARN_NON_LITERAL_NULL_CONVERSION = YES;
				CLANG_WARN_OBJC_IMPLICIT_RETAIN_SELF = YES;
				CLANG_WARN_OBJC_LITERAL_CONVERSION = YES;
				CLANG_WARN_OBJC_ROOT_CLASS = YES_ERROR;
				CLANG_WARN_QUOTED_INCLUDE_IN_FRAMEWORK_HEADER = YES;
				CLANG_WARN_RANGE_LOOP_ANALYSIS = YES;
				CLANG_WARN_STRICT_PROTOTYPES = YES;
				CLANG_WARN_SUSPICIOUS_MOVE = YES;
				CLANG_WARN_UNGUARDED_AVAILABILITY = YES_AGGRESSIVE;
				CLANG_WARN_UNREACHABLE_CODE = YES;
				CLANG_WARN__DUPLICATE_METHOD_MATCH = YES;
				COPY_PHASE_STRIP = NO;
				DEBUG_INFORMATION_FORMAT = dwarf;
				ENABLE_STRICT_OBJC_MSGSEND = YES;
				ENABLE_TESTABILITY = YES;
				GCC_C_LANGUAGE_STANDARD = gnu11;
				GCC_DYNAMIC_NO_PIC = NO;
				GCC_NO_COMMON_BLOCKS = YES;
				GCC_OPTIMIZATION_LEVEL = 0;
				GCC_PREPROCESSOR_DEFINITIONS = (
					"DEBUG=1",
					"$(inherited)",
				);
				GCC_WARN_64_TO_32_BIT_CONVERSION = YES;
				GCC_WARN_ABOUT_RETURN_TYPE = YES_ERROR;
				GCC_WARN_UNDECLARED_SELECTOR = YES;
				GCC_WARN_UNINITIALIZED_AUTOS = YES_AGGRESSIVE;
				GCC_WARN_UNUSED_FUNCTION = YES;
				GCC_WARN_UNUSED_VARIABLE = YES;
				IPHONEOS_DEPLOYMENT_TARGET = 15.2;
				MTL_ENABLE_DEBUG_INFO = INCLUDE_SOURCE;
				MTL_FAST_MATH = YES;
				ONLY_ACTIVE_ARCH = YES;
				SDKROOT = iphoneos;
				SWIFT_ACTIVE_COMPILATION_CONDITIONS = DEBUG;
				SWIFT_OPTIMIZATION_LEVEL = "-Onone";
			};
			name = Debug;
		};
		3D07140027C4E2EC00DADC65 /* Release */ = {
			isa = XCBuildConfiguration;
			buildSettings = {
				ALWAYS_SEARCH_USER_PATHS = NO;
				CLANG_ANALYZER_NONNULL = YES;
				CLANG_ANALYZER_NUMBER_OBJECT_CONVERSION = YES_AGGRESSIVE;
				CLANG_CXX_LANGUAGE_STANDARD = "gnu++17";
				CLANG_CXX_LIBRARY = "libc++";
				CLANG_ENABLE_MODULES = YES;
				CLANG_ENABLE_OBJC_ARC = YES;
				CLANG_ENABLE_OBJC_WEAK = YES;
				CLANG_WARN_BLOCK_CAPTURE_AUTORELEASING = YES;
				CLANG_WARN_BOOL_CONVERSION = YES;
				CLANG_WARN_COMMA = YES;
				CLANG_WARN_CONSTANT_CONVERSION = YES;
				CLANG_WARN_DEPRECATED_OBJC_IMPLEMENTATIONS = YES;
				CLANG_WARN_DIRECT_OBJC_ISA_USAGE = YES_ERROR;
				CLANG_WARN_DOCUMENTATION_COMMENTS = YES;
				CLANG_WARN_EMPTY_BODY = YES;
				CLANG_WARN_ENUM_CONVERSION = YES;
				CLANG_WARN_INFINITE_RECURSION = YES;
				CLANG_WARN_INT_CONVERSION = YES;
				CLANG_WARN_NON_LITERAL_NULL_CONVERSION = YES;
				CLANG_WARN_OBJC_IMPLICIT_RETAIN_SELF = YES;
				CLANG_WARN_OBJC_LITERAL_CONVERSION = YES;
				CLANG_WARN_OBJC_ROOT_CLASS = YES_ERROR;
				CLANG_WARN_QUOTED_INCLUDE_IN_FRAMEWORK_HEADER = YES;
				CLANG_WARN_RANGE_LOOP_ANALYSIS = YES;
				CLANG_WARN_STRICT_PROTOTYPES = YES;
				CLANG_WARN_SUSPICIOUS_MOVE = YES;
				CLANG_WARN_UNGUARDED_AVAILABILITY = YES_AGGRESSIVE;
				CLANG_WARN_UNREACHABLE_CODE = YES;
				CLANG_WARN__DUPLICATE_METHOD_MATCH = YES;
				COPY_PHASE_STRIP = NO;
				DEBUG_INFORMATION_FORMAT = "dwarf-with-dsym";
				ENABLE_NS_ASSERTIONS = NO;
				ENABLE_STRICT_OBJC_MSGSEND = YES;
				GCC_C_LANGUAGE_STANDARD = gnu11;
				GCC_NO_COMMON_BLOCKS = YES;
				GCC_WARN_64_TO_32_BIT_CONVERSION = YES;
				GCC_WARN_ABOUT_RETURN_TYPE = YES_ERROR;
				GCC_WARN_UNDECLARED_SELECTOR = YES;
				GCC_WARN_UNINITIALIZED_AUTOS = YES_AGGRESSIVE;
				GCC_WARN_UNUSED_FUNCTION = YES;
				GCC_WARN_UNUSED_VARIABLE = YES;
				IPHONEOS_DEPLOYMENT_TARGET = 15.2;
				MTL_ENABLE_DEBUG_INFO = NO;
				MTL_FAST_MATH = YES;
				SDKROOT = iphoneos;
				SWIFT_COMPILATION_MODE = wholemodule;
				SWIFT_OPTIMIZATION_LEVEL = "-O";
				VALIDATE_PRODUCT = YES;
			};
			name = Release;
		};
		3D07140227C4E2EC00DADC65 /* Debug */ = {
			isa = XCBuildConfiguration;
			buildSettings = {
				ASSETCATALOG_COMPILER_APPICON_NAME = AppIcon;
				ASSETCATALOG_COMPILER_GLOBAL_ACCENT_COLOR_NAME = AccentColor;
				CODE_SIGN_STYLE = Automatic;
				CURRENT_PROJECT_VERSION = 1;
				DEVELOPMENT_ASSET_PATHS = "\"SwiftUI Slots/Preview Content\"";
				DEVELOPMENT_TEAM = 9XM9YKLH96;
				ENABLE_PREVIEWS = YES;
				GENERATE_INFOPLIST_FILE = YES;
				INFOPLIST_KEY_UIApplicationSceneManifest_Generation = YES;
				INFOPLIST_KEY_UIApplicationSupportsIndirectInputEvents = YES;
				INFOPLIST_KEY_UILaunchScreen_Generation = YES;
				INFOPLIST_KEY_UISupportedInterfaceOrientations_iPad = "UIInterfaceOrientationPortrait UIInterfaceOrientationPortraitUpsideDown UIInterfaceOrientationLandscapeLeft UIInterfaceOrientationLandscapeRight";
				INFOPLIST_KEY_UISupportedInterfaceOrientations_iPhone = "UIInterfaceOrientationPortrait UIInterfaceOrientationLandscapeLeft UIInterfaceOrientationLandscapeRight";
				LD_RUNPATH_SEARCH_PATHS = (
					"$(inherited)",
					"@executable_path/Frameworks",
				);
				MARKETING_VERSION = 1.0;
				PRODUCT_BUNDLE_IDENTIFIER = "com.slots.SwiftUI-Slots";
				PRODUCT_NAME = "$(TARGET_NAME)";
				SWIFT_EMIT_LOC_STRINGS = YES;
				SWIFT_VERSION = 5.0;
				TARGETED_DEVICE_FAMILY = "1,2";
			};
			name = Debug;
		};
		3D07140327C4E2EC00DADC65 /* Release */ = {
			isa = XCBuildConfiguration;
			buildSettings = {
				ASSETCATALOG_COMPILER_APPICON_NAME = AppIcon;
				ASSETCATALOG_COMPILER_GLOBAL_ACCENT_COLOR_NAME = AccentColor;
				CODE_SIGN_STYLE = Automatic;
				CURRENT_PROJECT_VERSION = 1;
				DEVELOPMENT_ASSET_PATHS = "\"SwiftUI Slots/Preview Content\"";
				DEVELOPMENT_TEAM = 9XM9YKLH96;
				ENABLE_PREVIEWS = YES;
				GENERATE_INFOPLIST_FILE = YES;
				INFOPLIST_KEY_UIApplicationSceneManifest_Generation = YES;
				INFOPLIST_KEY_UIApplicationSupportsIndirectInputEvents = YES;
				INFOPLIST_KEY_UILaunchScreen_Generation = YES;
				INFOPLIST_KEY_UISupportedInterfaceOrientations_iPad = "UIInterfaceOrientationPortrait UIInterfaceOrientationPortraitUpsideDown UIInterfaceOrientationLandscapeLeft UIInterfaceOrientationLandscapeRight";
				INFOPLIST_KEY_UISupportedInterfaceOrientations_iPhone = "UIInterfaceOrientationPortrait UIInterfaceOrientationLandscapeLeft UIInterfaceOrientationLandscapeRight";
				LD_RUNPATH_SEARCH_PATHS = (
					"$(inherited)",
					"@executable_path/Frameworks",
				);
				MARKETING_VERSION = 1.0;
				PRODUCT_BUNDLE_IDENTIFIER = "com.slots.SwiftUI-Slots";
				PRODUCT_NAME = "$(TARGET_NAME)";
				SWIFT_EMIT_LOC_STRINGS = YES;
				SWIFT_VERSION = 5.0;
				TARGETED_DEVICE_FAMILY = "1,2";
			};
			name = Release;
		};
		3D07140527C4E2EC00DADC65 /* Debug */ = {
			isa = XCBuildConfiguration;
			buildSettings = {
				ALWAYS_EMBED_SWIFT_STANDARD_LIBRARIES = YES;
				BUNDLE_LOADER = "$(TEST_HOST)";
				CODE_SIGN_STYLE = Automatic;
				CURRENT_PROJECT_VERSION = 1;
				DEVELOPMENT_TEAM = 9XM9YKLH96;
				GENERATE_INFOPLIST_FILE = YES;
				IPHONEOS_DEPLOYMENT_TARGET = 15.2;
				MARKETING_VERSION = 1.0;
				PRODUCT_BUNDLE_IDENTIFIER = "com.slots.SwiftUI-SlotsTests";
				PRODUCT_NAME = "$(TARGET_NAME)";
				SWIFT_EMIT_LOC_STRINGS = NO;
				SWIFT_VERSION = 5.0;
				TARGETED_DEVICE_FAMILY = "1,2";
				TEST_HOST = "$(BUILT_PRODUCTS_DIR)/SwiftUI Slots.app/SwiftUI Slots";
			};
			name = Debug;
		};
		3D07140627C4E2EC00DADC65 /* Release */ = {
			isa = XCBuildConfiguration;
			buildSettings = {
				ALWAYS_EMBED_SWIFT_STANDARD_LIBRARIES = YES;
				BUNDLE_LOADER = "$(TEST_HOST)";
				CODE_SIGN_STYLE = Automatic;
				CURRENT_PROJECT_VERSION = 1;
				DEVELOPMENT_TEAM = 9XM9YKLH96;
				GENERATE_INFOPLIST_FILE = YES;
				IPHONEOS_DEPLOYMENT_TARGET = 15.2;
				MARKETING_VERSION = 1.0;
				PRODUCT_BUNDLE_IDENTIFIER = "com.slots.SwiftUI-SlotsTests";
				PRODUCT_NAME = "$(TARGET_NAME)";
				SWIFT_EMIT_LOC_STRINGS = NO;
				SWIFT_VERSION = 5.0;
				TARGETED_DEVICE_FAMILY = "1,2";
				TEST_HOST = "$(BUILT_PRODUCTS_DIR)/SwiftUI Slots.app/SwiftUI Slots";
			};
			name = Release;
		};
		3D07140827C4E2EC00DADC65 /* Debug */ = {
			isa = XCBuildConfiguration;
			buildSettings = {
				ALWAYS_EMBED_SWIFT_STANDARD_LIBRARIES = YES;
				CODE_SIGN_STYLE = Automatic;
				CURRENT_PROJECT_VERSION = 1;
				DEVELOPMENT_TEAM = 9XM9YKLH96;
				GENERATE_INFOPLIST_FILE = YES;
				MARKETING_VERSION = 1.0;
				PRODUCT_BUNDLE_IDENTIFIER = "com.slots.SwiftUI-SlotsUITests";
				PRODUCT_NAME = "$(TARGET_NAME)";
				SWIFT_EMIT_LOC_STRINGS = NO;
				SWIFT_VERSION = 5.0;
				TARGETED_DEVICE_FAMILY = "1,2";
				TEST_TARGET_NAME = "SwiftUI Slots";
			};
			name = Debug;
		};
		3D07140927C4E2EC00DADC65 /* Release */ = {
			isa = XCBuildConfiguration;
			buildSettings = {
				ALWAYS_EMBED_SWIFT_STANDARD_LIBRARIES = YES;
				CODE_SIGN_STYLE = Automatic;
				CURRENT_PROJECT_VERSION = 1;
				DEVELOPMENT_TEAM = 9XM9YKLH96;
				GENERATE_INFOPLIST_FILE = YES;
				MARKETING_VERSION = 1.0;
				PRODUCT_BUNDLE_IDENTIFIER = "com.slots.SwiftUI-SlotsUITests";
				PRODUCT_NAME = "$(TARGET_NAME)";
				SWIFT_EMIT_LOC_STRINGS = NO;
				SWIFT_VERSION = 5.0;
				TARGETED_DEVICE_FAMILY = "1,2";
				TEST_TARGET_NAME = "SwiftUI Slots";
			};
			name = Release;
		};
/* End XCBuildConfiguration section */

/* Begin XCConfigurationList section */
		3D0713D827C4E2E900DADC65 /* Build configuration list for PBXProject "SwiftUI Slots" */ = {
			isa = XCConfigurationList;
			buildConfigurations = (
				3D0713FF27C4E2EC00DADC65 /* Debug */,
				3D07140027C4E2EC00DADC65 /* Release */,
			);
			defaultConfigurationIsVisible = 0;
			defaultConfigurationName = Release;
		};
		3D07140127C4E2EC00DADC65 /* Build configuration list for PBXNativeTarget "SwiftUI Slots" */ = {
			isa = XCConfigurationList;
			buildConfigurations = (
				3D07140227C4E2EC00DADC65 /* Debug */,
				3D07140327C4E2EC00DADC65 /* Release */,
			);
			defaultConfigurationIsVisible = 0;
			defaultConfigurationName = Release;
		};
		3D07140427C4E2EC00DADC65 /* Build configuration list for PBXNativeTarget "SwiftUI SlotsTests" */ = {
			isa = XCConfigurationList;
			buildConfigurations = (
				3D07140527C4E2EC00DADC65 /* Debug */,
				3D07140627C4E2EC00DADC65 /* Release */,
			);
			defaultConfigurationIsVisible = 0;
			defaultConfigurationName = Release;
		};
		3D07140727C4E2EC00DADC65 /* Build configuration list for PBXNativeTarget "SwiftUI SlotsUITests" */ = {
			isa = XCConfigurationList;
			buildConfigurations = (
				3D07140827C4E2EC00DADC65 /* Debug */,
				3D07140927C4E2EC00DADC65 /* Release */,
			);
			defaultConfigurationIsVisible = 0;
			defaultConfigurationName = Release;
		};
/* End XCConfigurationList section */
	};
	rootObject = 3D0713D527C4E2E900DADC65 /* Project object */;
}
